#MicroXplorer Configuration settings - do not modify
File.Version=6
KeepUserPlacement=true
Mcu.Family=STM32F4
Mcu.IP0=NVIC
Mcu.IP1=RCC
Mcu.IP2=SPI1
Mcu.IP3=SYS
Mcu.IP4=USART2
Mcu.IPNb=5
Mcu.Name=STM32F401R(D-E)Tx
Mcu.Package=LQFP64
Mcu.Pin0=PC13-ANTI_TAMP
Mcu.Pin1=PC14-OSC32_IN
Mcu.Pin10=PA6
Mcu.Pin11=PA7
Mcu.Pin12=PA8
Mcu.Pin13=PA13
Mcu.Pin14=PA14
Mcu.Pin15=PB3
Mcu.Pin16=VP_SYS_VS_Systick
Mcu.Pin17=VP_STMicroelectronics.X-CUBE-BLE1_VS_WirelessJjBlueNRGAaMS_4.3.0
Mcu.Pin18=VP_STMicroelectronics.X-CUBE-BLE1_VS_WirelessJjApplication_4.3.0
Mcu.Pin2=PC15-OSC32_OUT
Mcu.Pin3=PH0 - OSC_IN
Mcu.Pin4=PH1 - OSC_OUT
Mcu.Pin5=PA0-WKUP
Mcu.Pin6=PA1
Mcu.Pin7=PA2
Mcu.Pin8=PA3
Mcu.Pin9=PA5
Mcu.PinsNb=19
Mcu.ThirdParty0=STMicroelectronics.X-CUBE-BLE1.4.3.0
Mcu.ThirdPartyNb=1
Mcu.UserConstants=
Mcu.UserName=STM32F401RETx
MxCube.Version=5.1.0
MxDb.Version=DB.5.0.10
NVIC.BusFault_IRQn=true\:0\:0\:false\:false\:true\:true\:false
NVIC.DebugMonitor_IRQn=true\:0\:0\:false\:false\:true\:true\:false
NVIC.EXTI0_IRQn=true\:0\:0\:false\:false\:true\:true\:true
NVIC.EXTI15_10_IRQn=true\:0\:0\:false\:false\:true\:true\:true
NVIC.HardFault_IRQn=true\:0\:0\:false\:false\:true\:true\:false
NVIC.MemoryManagement_IRQn=true\:0\:0\:false\:false\:true\:true\:false
NVIC.NonMaskableInt_IRQn=true\:0\:0\:false\:false\:true\:true\:false
NVIC.PendSV_IRQn=true\:0\:0\:false\:false\:true\:false\:false
NVIC.PriorityGroup=NVIC_PRIORITYGROUP_0
NVIC.SVCall_IRQn=true\:0\:0\:false\:false\:true\:false\:false
NVIC.SysTick_IRQn=true\:0\:0\:true\:false\:true\:true\:true
NVIC.UsageFault_IRQn=true\:0\:0\:false\:false\:true\:true\:false
PA0-WKUP.Locked=true
PA0-WKUP.Signal=GPXTI0
PA1.Locked=true
PA1.Signal=GPIO_Output
PA13.GPIOParameters=GPIO_Label
PA13.GPIO_Label=TMS
PA13.Locked=true
PA13.Mode=Serial_Wire
PA13.Signal=SYS_JTMS-SWDIO
PA14.GPIOParameters=GPIO_Label
PA14.GPIO_Label=TCK
PA14.Locked=true
PA14.Mode=Serial_Wire
PA14.Signal=SYS_JTCK-SWCLK
PA2.GPIOParameters=GPIO_Speed,GPIO_PuPd,GPIO_Label,GPIO_Mode
PA2.GPIO_Label=USART_TX
PA2.GPIO_Mode=GPIO_MODE_AF_PP
PA2.GPIO_PuPd=GPIO_NOPULL
PA2.GPIO_Speed=GPIO_SPEED_FREQ_LOW
PA2.Locked=true
PA2.Mode=Asynchronous
PA2.Signal=USART2_TX
PA3.GPIOParameters=GPIO_Speed,GPIO_PuPd,GPIO_Label,GPIO_Mode
PA3.GPIO_Label=USART_RX
PA3.GPIO_Mode=GPIO_MODE_AF_PP
PA3.GPIO_PuPd=GPIO_NOPULL
PA3.GPIO_Speed=GPIO_SPEED_FREQ_LOW
PA3.Locked=true
PA3.Mode=Asynchronous
PA3.Signal=USART2_RX
PA5.GPIOParameters=GPIO_Speed,GPIO_PuPd,GPIO_Label,GPIO_Mode
PA5.GPIO_Label=LD2 [Green Led]
PA5.GPIO_Mode=GPIO_MODE_OUTPUT_PP
PA5.GPIO_PuPd=GPIO_NOPULL
PA5.GPIO_Speed=GPIO_SPEED_FREQ_LOW
PA5.Locked=true
PA5.Signal=GPIO_Output
PA6.Mode=Full_Duplex_Master
PA6.Signal=SPI1_MISO
PA7.Mode=Full_Duplex_Master
PA7.Signal=SPI1_MOSI
PA8.Locked=true
PA8.Signal=GPIO_Output
PB3.Mode=Full_Duplex_Master
PB3.Signal=SPI1_SCK
PC13-ANTI_TAMP.GPIOParameters=GPIO_PuPd,GPIO_Label,GPIO_ModeDefaultEXTI
PC13-ANTI_TAMP.GPIO_Label=B1 [Blue PushButton]
PC13-ANTI_TAMP.GPIO_ModeDefaultEXTI=GPIO_MODE_IT_FALLING
PC13-ANTI_TAMP.GPIO_PuPd=GPIO_NOPULL
PC13-ANTI_TAMP.Locked=true
PC13-ANTI_TAMP.Signal=GPXTI13
PC14-OSC32_IN.Locked=true
PC14-OSC32_IN.Mode=LSE-External-Oscillator
PC14-OSC32_IN.Signal=RCC_OSC32_IN
PC15-OSC32_OUT.Locked=true
PC15-OSC32_OUT.Mode=LSE-External-Oscillator
PC15-OSC32_OUT.Signal=RCC_OSC32_OUT
PCC.Checker=false
PCC.Line=STM32F401
PCC.MCU=STM32F401R(D-E)Tx
PCC.PartNumber=STM32F401RETx
PCC.Seq0=0
PCC.Series=STM32F4
PCC.Temperature=25
PCC.Vdd=null
PH0\ -\ OSC_IN.Locked=true
PH0\ -\ OSC_IN.Mode=HSE-External-Clock-Source
PH0\ -\ OSC_IN.Signal=RCC_OSC_IN
PH1\ -\ OSC_OUT.Locked=true
PH1\ -\ OSC_OUT.Mode=HSE-External-Clock-Source
PH1\ -\ OSC_OUT.Signal=RCC_OSC_OUT
PinOutPanel.RotationAngle=0
ProjectManager.AskForMigrate=true
ProjectManager.BackupPrevious=false
ProjectManager.CompilerOptimize=6
ProjectManager.ComputerToolchain=false
ProjectManager.CoupleFile=true
ProjectManager.CustomerFirmwarePackage=
ProjectManager.DefaultFWLocation=true
ProjectManager.DeletePrevious=true
ProjectManager.DeviceId=STM32F401RETx
ProjectManager.FirmwarePackage=STM32Cube FW_F4 V1.24.0
ProjectManager.FreePins=false
ProjectManager.HalAssertFull=false
ProjectManager.HeapSize=0x200
ProjectManager.KeepUserCode=true
ProjectManager.LastFirmware=true
ProjectManager.LibraryCopy=1
ProjectManager.MainLocation=Src
ProjectManager.NoMain=false
ProjectManager.PreviousToolchain=TrueSTUDIO
ProjectManager.ProjectBuild=false
ProjectManager.ProjectFileName=ApplicationSample.ioc
ProjectManager.ProjectName=ApplicationSample
ProjectManager.StackSize=0x400
ProjectManager.TargetToolchain=TrueSTUDIO
ProjectManager.ToolChainLocation=
ProjectManager.UnderRoot=true
ProjectManager.functionlistsort=1-MX_GPIO_Init-GPIO-false-HAL-true,2-SystemClock_Config-RCC-false-HAL-false,3-MX_BlueNRG_MS_Init-STMicroelectronics.X-CUBE-BLE1.4.3.0-false-HAL-true,4-MX_BlueNRG_MS_Process-STMicroelectronics.X-CUBE-BLE1.4.3.0-false-HAL-true
RCC.48MHZClocksFreq_Value=48000000
RCC.AHBFreq_Value=84000000
RCC.APB1CLKDivider=RCC_HCLK_DIV2
RCC.APB1Freq_Value=42000000
RCC.APB1TimFreq_Value=84000000
RCC.APB2Freq_Value=84000000
RCC.APB2TimFreq_Value=84000000
RCC.CortexFreq_Value=84000000
RCC.FCLKCortexFreq_Value=84000000
RCC.HCLKFreq_Value=84000000
RCC.HSE_VALUE=8000000
RCC.HSI_VALUE=16000000
RCC.I2SClocksFreq_Value=96000000
RCC.IPParameters=48MHZClocksFreq_Value,AHBFreq_Value,APB1CLKDivider,APB1Freq_Value,APB1TimFreq_Value,APB2Freq_Value,APB2TimFreq_Value,CortexFreq_Value,FCLKCortexFreq_Value,HCLKFreq_Value,HSE_VALUE,HSI_VALUE,I2SClocksFreq_Value,LSI_VALUE,MCO2PinFreq_Value,PLLCLKFreq_Value,PLLN,PLLP,PLLQ,PLLQCLKFreq_Value,RTCFreq_Value,RTCHSEDivFreq_Value,SYSCLKFreq_VALUE,SYSCLKSource,VCOI2SOutputFreq_Value,VCOInputFreq_Value,VCOOutputFreq_Value,VcooutputI2S
RCC.LSI_VALUE=32000
RCC.MCO2PinFreq_Value=84000000
RCC.PLLCLKFreq_Value=84000000
RCC.PLLN=336
RCC.PLLP=RCC_PLLP_DIV4
RCC.PLLQ=7
RCC.PLLQCLKFreq_Value=48000000
RCC.RTCFreq_Value=32000
RCC.RTCHSEDivFreq_Value=4000000
RCC.SYSCLKFreq_VALUE=84000000
RCC.SYSCLKSource=RCC_SYSCLKSOURCE_PLLCLK
RCC.VCOI2SOutputFreq_Value=192000000
RCC.VCOInputFreq_Value=1000000
RCC.VCOOutputFreq_Value=336000000
RCC.VcooutputI2S=96000000
SH.GPXTI0.0=GPIO_EXTI0
SH.GPXTI0.ConfNb=1
SH.GPXTI13.0=GPIO_EXTI13
SH.GPXTI13.ConfNb=1
SPI1.BaudRatePrescaler=SPI_BAUDRATEPRESCALER_16
SPI1.Direction=SPI_DIRECTION_2LINES
SPI1.IPParameters=VirtualType,Mode,Direction,BaudRatePrescaler
SPI1.Mode=SPI_MODE_MASTER
SPI1.VirtualType=VM_MASTER
STMicroelectronics.X-CUBE-BLE1.4.3.0.ApplicationCcWirelessJjApplication=SampleApp
STMicroelectronics.X-CUBE-BLE1.4.3.0.BSP.number=7
STMicroelectronics.X-CUBE-BLE1.4.3.0.BlueNRGAaMSCcWirelessJjController=true
STMicroelectronics.X-CUBE-BLE1.4.3.0.BlueNRGAaMSCcWirelessJjHCIIiTL=Basic
STMicroelectronics.X-CUBE-BLE1.4.3.0.BlueNRGAaMSCcWirelessJjHCIIiTLIiINTERFACE=UserBoard
STMicroelectronics.X-CUBE-BLE1.4.3.0.BlueNRGAaMSCcWirelessJjUtils=true
STMicroelectronics.X-CUBE-BLE1.4.3.0.IPParameters=BlueNRGAaMSCcWirelessJjController,BlueNRGAaMSCcWirelessJjHCIIiTL,BlueNRGAaMSCcWirelessJjHCIIiTLIiINTERFACE,BlueNRGAaMSCcWirelessJjUtils,ApplicationCcWirelessJjApplication
STMicroelectronics.X-CUBE-BLE1.4.3.0.WirelessJjApplication.apiComponent0=Wireless\:HCI_TL
STMicroelectronics.X-CUBE-BLE1.4.3.0.WirelessJjApplication.apiComponent1=Wireless\:HCI_TL
STMicroelectronics.X-CUBE-BLE1.4.3.0.WirelessJjApplication.apiComponent2=Wireless\:HCI_TL_INTERFACE
STMicroelectronics.X-CUBE-BLE1.4.3.0.WirelessJjApplication.apiComponent3=Wireless\:HCI_TL_INTERFACE
STMicroelectronics.X-CUBE-BLE1.4.3.0.WirelessJjApplication.apiDoc0=Middlewares/ST/BlueNRG-MS/includes/hci.h
STMicroelectronics.X-CUBE-BLE1.4.3.0.WirelessJjApplication.apiDoc1=Middlewares/ST/BlueNRG-MS/doc/BlueNRG-MS_UserManual.chm
STMicroelectronics.X-CUBE-BLE1.4.3.0.WirelessJjApplication.apiDoc2=Middlewares/ST/BlueNRG-MS/hci/hci_tl_patterns/Template/hci_tl_interface.h
STMicroelectronics.X-CUBE-BLE1.4.3.0.WirelessJjApplication.apiDoc3=Middlewares/ST/BlueNRG-MS/doc/BlueNRG-MS_UserManual.chm
STMicroelectronics.X-CUBE-BLE1.4.3.0.WirelessJjApplication.cmp_version0=4.3.0
STMicroelectronics.X-CUBE-BLE1.4.3.0.WirelessJjApplication.component0=Wireless
STMicroelectronics.X-CUBE-BLE1.4.3.0.WirelessJjApplication.componentDoc0=Projects/Board_PN/Applications/SampleApp/readme.txt
STMicroelectronics.X-CUBE-BLE1.4.3.0.WirelessJjApplication.description0=BLE sample applications for BlueNRG-MS module,SampleApp sample application
STMicroelectronics.X-CUBE-BLE1.4.3.0.WirelessJjApplication.diagnostic0=This component should operate correctly.
STMicroelectronics.X-CUBE-BLE1.4.3.0.WirelessJjApplication.documentation0=Documentation/STMicroelectronics.X-CUBE-BLE1_GettingStarted.pdf
STMicroelectronics.X-CUBE-BLE1.4.3.0.WirelessJjApplication.group0=Application
STMicroelectronics.X-CUBE-BLE1.4.3.0.WirelessJjApplication.paramName0=ApplicationCcWirelessJjApplication
STMicroelectronics.X-CUBE-BLE1.4.3.0.WirelessJjApplication.sevirity0=none
STMicroelectronics.X-CUBE-BLE1.4.3.0.WirelessJjApplication.variant0=SampleApp
STMicroelectronics.X-CUBE-BLE1.4.3.0.WirelessJjApplication_Checked=true
STMicroelectronics.X-CUBE-BLE1.4.3.0.WirelessJjApplication_apiSize=4
STMicroelectronics.X-CUBE-BLE1.4.3.0.WirelessJjApplication_bundle=Application
STMicroelectronics.X-CUBE-BLE1.4.3.0.WirelessJjApplication_class=Wireless
STMicroelectronics.X-CUBE-BLE1.4.3.0.WirelessJjApplication_name=X-CUBE-BLE1
STMicroelectronics.X-CUBE-BLE1.4.3.0.WirelessJjApplication_size=1
STMicroelectronics.X-CUBE-BLE1.4.3.0.WirelessJjApplication_vendor=STMicroelectronics
STMicroelectronics.X-CUBE-BLE1.4.3.0.WirelessJjApplication_version=4.3.0
STMicroelectronics.X-CUBE-BLE1.4.3.0.WirelessJjBlueNRGAaMS.apiComponent0=Wireless\:HCI_TL
STMicroelectronics.X-CUBE-BLE1.4.3.0.WirelessJjBlueNRGAaMS.apiComponent1=Wireless\:HCI_TL
STMicroelectronics.X-CUBE-BLE1.4.3.0.WirelessJjBlueNRGAaMS.apiComponent2=Wireless\:HCI_TL_INTERFACE
STMicroelectronics.X-CUBE-BLE1.4.3.0.WirelessJjBlueNRGAaMS.apiComponent3=Wireless\:HCI_TL_INTERFACE
STMicroelectronics.X-CUBE-BLE1.4.3.0.WirelessJjBlueNRGAaMS.apiDoc0=Middlewares/ST/BlueNRG-MS/includes/hci.h
STMicroelectronics.X-CUBE-BLE1.4.3.0.WirelessJjBlueNRGAaMS.apiDoc1=Middlewares/ST/BlueNRG-MS/doc/BlueNRG-MS_UserManual.chm
STMicroelectronics.X-CUBE-BLE1.4.3.0.WirelessJjBlueNRGAaMS.apiDoc2=Middlewares/ST/BlueNRG-MS/hci/hci_tl_patterns/Template/hci_tl_interface.h
STMicroelectronics.X-CUBE-BLE1.4.3.0.WirelessJjBlueNRGAaMS.apiDoc3=Middlewares/ST/BlueNRG-MS/doc/BlueNRG-MS_UserManual.chm
STMicroelectronics.X-CUBE-BLE1.4.3.0.WirelessJjBlueNRGAaMS.cmp_version0=4.3.0
STMicroelectronics.X-CUBE-BLE1.4.3.0.WirelessJjBlueNRGAaMS.cmp_version1=4.3.0
STMicroelectronics.X-CUBE-BLE1.4.3.0.WirelessJjBlueNRGAaMS.cmp_version2=4.3.0
STMicroelectronics.X-CUBE-BLE1.4.3.0.WirelessJjBlueNRGAaMS.cmp_version3=4.3.0
STMicroelectronics.X-CUBE-BLE1.4.3.0.WirelessJjBlueNRGAaMS.component0=Wireless
STMicroelectronics.X-CUBE-BLE1.4.3.0.WirelessJjBlueNRGAaMS.component1=Wireless
STMicroelectronics.X-CUBE-BLE1.4.3.0.WirelessJjBlueNRGAaMS.component2=Wireless
STMicroelectronics.X-CUBE-BLE1.4.3.0.WirelessJjBlueNRGAaMS.component3=Wireless
STMicroelectronics.X-CUBE-BLE1.4.3.0.WirelessJjBlueNRGAaMS.componentDoc1=Middlewares/ST/BlueNRG-MS/doc/BlueNRG-MS_UserManual.chm
STMicroelectronics.X-CUBE-BLE1.4.3.0.WirelessJjBlueNRGAaMS.description0=Host Controller Interface (HCI)
STMicroelectronics.X-CUBE-BLE1.4.3.0.WirelessJjBlueNRGAaMS.description1=Basic HCI Transport Layer (use a basic set of already implemented APIs)
STMicroelectronics.X-CUBE-BLE1.4.3.0.WirelessJjBlueNRGAaMS.description2=HCI Transport Layer Interface based on User Board definition (use a basic set of already implemented APIs)
STMicroelectronics.X-CUBE-BLE1.4.3.0.WirelessJjBlueNRGAaMS.description3=Utilities (BLE list manager)
STMicroelectronics.X-CUBE-BLE1.4.3.0.WirelessJjBlueNRGAaMS.diagnostic0=This component should operate correctly.
STMicroelectronics.X-CUBE-BLE1.4.3.0.WirelessJjBlueNRGAaMS.diagnostic1=This component should operate correctly.
STMicroelectronics.X-CUBE-BLE1.4.3.0.WirelessJjBlueNRGAaMS.diagnostic2=This component should operate correctly.
STMicroelectronics.X-CUBE-BLE1.4.3.0.WirelessJjBlueNRGAaMS.diagnostic3=This component should operate correctly.
STMicroelectronics.X-CUBE-BLE1.4.3.0.WirelessJjBlueNRGAaMS.documentation0=Documentation/STMicroelectronics.X-CUBE-BLE1_GettingStarted.pdf
STMicroelectronics.X-CUBE-BLE1.4.3.0.WirelessJjBlueNRGAaMS.documentation1=Documentation/STMicroelectronics.X-CUBE-BLE1_GettingStarted.pdf
STMicroelectronics.X-CUBE-BLE1.4.3.0.WirelessJjBlueNRGAaMS.documentation2=Documentation/STMicroelectronics.X-CUBE-BLE1_GettingStarted.pdf
STMicroelectronics.X-CUBE-BLE1.4.3.0.WirelessJjBlueNRGAaMS.documentation3=Documentation/STMicroelectronics.X-CUBE-BLE1_GettingStarted.pdf
STMicroelectronics.X-CUBE-BLE1.4.3.0.WirelessJjBlueNRGAaMS.group0=Controller
STMicroelectronics.X-CUBE-BLE1.4.3.0.WirelessJjBlueNRGAaMS.group1=HCI_TL
STMicroelectronics.X-CUBE-BLE1.4.3.0.WirelessJjBlueNRGAaMS.group2=HCI_TL_INTERFACE
STMicroelectronics.X-CUBE-BLE1.4.3.0.WirelessJjBlueNRGAaMS.group3=Utils
STMicroelectronics.X-CUBE-BLE1.4.3.0.WirelessJjBlueNRGAaMS.paramName0=BlueNRGAaMSCcWirelessJjController
STMicroelectronics.X-CUBE-BLE1.4.3.0.WirelessJjBlueNRGAaMS.paramName1=BlueNRGAaMSCcWirelessJjHCIIiTL
STMicroelectronics.X-CUBE-BLE1.4.3.0.WirelessJjBlueNRGAaMS.paramName2=BlueNRGAaMSCcWirelessJjHCIIiTLIiINTERFACE
STMicroelectronics.X-CUBE-BLE1.4.3.0.WirelessJjBlueNRGAaMS.paramName3=BlueNRGAaMSCcWirelessJjUtils
STMicroelectronics.X-CUBE-BLE1.4.3.0.WirelessJjBlueNRGAaMS.sevirity0=none
STMicroelectronics.X-CUBE-BLE1.4.3.0.WirelessJjBlueNRGAaMS.sevirity1=none
STMicroelectronics.X-CUBE-BLE1.4.3.0.WirelessJjBlueNRGAaMS.sevirity2=none
STMicroelectronics.X-CUBE-BLE1.4.3.0.WirelessJjBlueNRGAaMS.sevirity3=none
STMicroelectronics.X-CUBE-BLE1.4.3.0.WirelessJjBlueNRGAaMS.variant1=Basic
STMicroelectronics.X-CUBE-BLE1.4.3.0.WirelessJjBlueNRGAaMS.variant2=UserBoard
STMicroelectronics.X-CUBE-BLE1.4.3.0.WirelessJjBlueNRGAaMS_Checked=true
STMicroelectronics.X-CUBE-BLE1.4.3.0.WirelessJjBlueNRGAaMS_apiSize=4
STMicroelectronics.X-CUBE-BLE1.4.3.0.WirelessJjBlueNRGAaMS_bundle=BlueNRG-MS
STMicroelectronics.X-CUBE-BLE1.4.3.0.WirelessJjBlueNRGAaMS_class=Wireless
STMicroelectronics.X-CUBE-BLE1.4.3.0.WirelessJjBlueNRGAaMS_name=X-CUBE-BLE1
STMicroelectronics.X-CUBE-BLE1.4.3.0.WirelessJjBlueNRGAaMS_size=4
STMicroelectronics.X-CUBE-BLE1.4.3.0.WirelessJjBlueNRGAaMS_vendor=STMicroelectronics
STMicroelectronics.X-CUBE-BLE1.4.3.0.WirelessJjBlueNRGAaMS_version=4.3.0
STMicroelectronics.X-CUBE-BLE1.4.3.00.BSP.STBoard=false
STMicroelectronics.X-CUBE-BLE1.4.3.00.BSP.api=HAL_EXTI_DRIVER
STMicroelectronics.X-CUBE-BLE1.4.3.00.BSP.component=
STMicroelectronics.X-CUBE-BLE1.4.3.00.BSP.condition=SEMWirelessJjHCIIiTLIiINTERFACEJjUserBoard
STMicroelectronics.X-CUBE-BLE1.4.3.00.BSP.i2caddr=0
STMicroelectronics.X-CUBE-BLE1.4.3.00.BSP.i2creg=
STMicroelectronics.X-CUBE-BLE1.4.3.00.BSP.instance=PA0-WKUP
STMicroelectronics.X-CUBE-BLE1.4.3.00.BSP.ip=GPIO
STMicroelectronics.X-CUBE-BLE1.4.3.00.BSP.mode=EXTI
STMicroelectronics.X-CUBE-BLE1.4.3.00.BSP.name=Exti Line
STMicroelectronics.X-CUBE-BLE1.4.3.00.BSP.semaphore=
STMicroelectronics.X-CUBE-BLE1.4.3.00.BSP.solution=PA0-WKUP
STMicroelectronics.X-CUBE-BLE1.4.3.01.BSP.STBoard=false
STMicroelectronics.X-CUBE-BLE1.4.3.01.BSP.api=BSP_COMMON_DRIVER
STMicroelectronics.X-CUBE-BLE1.4.3.01.BSP.component=
STMicroelectronics.X-CUBE-BLE1.4.3.01.BSP.condition=SEMWirelessJjApplicationJjSensorDemo | SEMWirelessJjApplicationJjSensorDemoBLESensor | SEMWirelessJjApplicationJjSampleApp
STMicroelectronics.X-CUBE-BLE1.4.3.01.BSP.i2caddr=0
STMicroelectronics.X-CUBE-BLE1.4.3.01.BSP.i2creg=
STMicroelectronics.X-CUBE-BLE1.4.3.01.BSP.instance=PC13-ANTI_TAMP
STMicroelectronics.X-CUBE-BLE1.4.3.01.BSP.ip=GPIO
STMicroelectronics.X-CUBE-BLE1.4.3.01.BSP.mode=EXTI
STMicroelectronics.X-CUBE-BLE1.4.3.01.BSP.name=BSP BUTTON
STMicroelectronics.X-CUBE-BLE1.4.3.01.BSP.semaphore=
STMicroelectronics.X-CUBE-BLE1.4.3.01.BSP.solution=PC13-ANTI_TAMP
STMicroelectronics.X-CUBE-BLE1.4.3.02.BSP.STBoard=false
STMicroelectronics.X-CUBE-BLE1.4.3.02.BSP.api=BSP_COMMON_DRIVER
STMicroelectronics.X-CUBE-BLE1.4.3.02.BSP.component=
STMicroelectronics.X-CUBE-BLE1.4.3.02.BSP.condition=SEMWirelessJjApplicationJjSensorDemo | SEMWirelessJjApplicationJjSensorDemoBLESensor | SEMWirelessJjApplicationJjSampleApp | SEMWirelessJjApplicationJjBeacon | SEMWirelessJjApplicationJjVirtualCOMPort
STMicroelectronics.X-CUBE-BLE1.4.3.02.BSP.i2caddr=0
STMicroelectronics.X-CUBE-BLE1.4.3.02.BSP.i2creg=
STMicroelectronics.X-CUBE-BLE1.4.3.02.BSP.instance=USART2
STMicroelectronics.X-CUBE-BLE1.4.3.02.BSP.ip=USART
STMicroelectronics.X-CUBE-BLE1.4.3.02.BSP.mode=Asynchronous
STMicroelectronics.X-CUBE-BLE1.4.3.02.BSP.name=BSP USART
STMicroelectronics.X-CUBE-BLE1.4.3.02.BSP.semaphore=
STMicroelectronics.X-CUBE-BLE1.4.3.02.BSP.solution=USART2
STMicroelectronics.X-CUBE-BLE1.4.3.03.BSP.STBoard=false
STMicroelectronics.X-CUBE-BLE1.4.3.03.BSP.api=BSP_BUS_DRIVER
STMicroelectronics.X-CUBE-BLE1.4.3.03.BSP.component=
STMicroelectronics.X-CUBE-BLE1.4.3.03.BSP.condition=SEMWirelessJjHCIIiTLIiINTERFACEJjUserBoard
STMicroelectronics.X-CUBE-BLE1.4.3.03.BSP.i2caddr=0
STMicroelectronics.X-CUBE-BLE1.4.3.03.BSP.i2creg=
STMicroelectronics.X-CUBE-BLE1.4.3.03.BSP.instance=SPI1
STMicroelectronics.X-CUBE-BLE1.4.3.03.BSP.ip=SPI
STMicroelectronics.X-CUBE-BLE1.4.3.03.BSP.mode=Full-Duplex Master
STMicroelectronics.X-CUBE-BLE1.4.3.03.BSP.name=BUS IO driver
STMicroelectronics.X-CUBE-BLE1.4.3.03.BSP.semaphore=
STMicroelectronics.X-CUBE-BLE1.4.3.03.BSP.solution=SPI1
STMicroelectronics.X-CUBE-BLE1.4.3.04.BSP.STBoard=false
STMicroelectronics.X-CUBE-BLE1.4.3.04.BSP.api=Unknown
STMicroelectronics.X-CUBE-BLE1.4.3.04.BSP.component=
STMicroelectronics.X-CUBE-BLE1.4.3.04.BSP.condition=SEMWirelessJjHCIIiTLIiINTERFACEJjUserBoard
STMicroelectronics.X-CUBE-BLE1.4.3.04.BSP.i2caddr=0
STMicroelectronics.X-CUBE-BLE1.4.3.04.BSP.i2creg=
STMicroelectronics.X-CUBE-BLE1.4.3.04.BSP.instance=PA8
STMicroelectronics.X-CUBE-BLE1.4.3.04.BSP.ip=GPIO
STMicroelectronics.X-CUBE-BLE1.4.3.04.BSP.mode=Output
STMicroelectronics.X-CUBE-BLE1.4.3.04.BSP.name=Reset Line
STMicroelectronics.X-CUBE-BLE1.4.3.04.BSP.semaphore=
STMicroelectronics.X-CUBE-BLE1.4.3.04.BSP.solution=PA8
STMicroelectronics.X-CUBE-BLE1.4.3.05.BSP.STBoard=false
STMicroelectronics.X-CUBE-BLE1.4.3.05.BSP.api=Unknown
STMicroelectronics.X-CUBE-BLE1.4.3.05.BSP.component=
STMicroelectronics.X-CUBE-BLE1.4.3.05.BSP.condition=SEMWirelessJjHCIIiTLIiINTERFACEJjUserBoard
STMicroelectronics.X-CUBE-BLE1.4.3.05.BSP.i2caddr=0
STMicroelectronics.X-CUBE-BLE1.4.3.05.BSP.i2creg=
STMicroelectronics.X-CUBE-BLE1.4.3.05.BSP.instance=PA1
STMicroelectronics.X-CUBE-BLE1.4.3.05.BSP.ip=GPIO
STMicroelectronics.X-CUBE-BLE1.4.3.05.BSP.mode=Output
STMicroelectronics.X-CUBE-BLE1.4.3.05.BSP.name=CS Line
STMicroelectronics.X-CUBE-BLE1.4.3.05.BSP.semaphore=
STMicroelectronics.X-CUBE-BLE1.4.3.05.BSP.solution=PA1
STMicroelectronics.X-CUBE-BLE1.4.3.06.BSP.STBoard=false
STMicroelectronics.X-CUBE-BLE1.4.3.06.BSP.api=BSP_COMMON_DRIVER
STMicroelectronics.X-CUBE-BLE1.4.3.06.BSP.component=
STMicroelectronics.X-CUBE-BLE1.4.3.06.BSP.condition=SEMWirelessJjApplicationJjSensorDemo | SEMWirelessJjApplicationJjSensorDemoBLESensor | SEMWirelessJjApplicationJjSampleApp
STMicroelectronics.X-CUBE-BLE1.4.3.06.BSP.i2caddr=0
STMicroelectronics.X-CUBE-BLE1.4.3.06.BSP.i2creg=
STMicroelectronics.X-CUBE-BLE1.4.3.06.BSP.instance=PA5
STMicroelectronics.X-CUBE-BLE1.4.3.06.BSP.ip=GPIO
STMicroelectronics.X-CUBE-BLE1.4.3.06.BSP.mode=Output
STMicroelectronics.X-CUBE-BLE1.4.3.06.BSP.name=BSP LED
STMicroelectronics.X-CUBE-BLE1.4.3.06.BSP.semaphore=
STMicroelectronics.X-CUBE-BLE1.4.3.06.BSP.solution=PA5
STMicroelectronics.X-CUBE-BLE1.4.3.0_MwName0=BlueNRG-MS
STMicroelectronics.X-CUBE-BLE1.4.3.0_MwName1=Application
STMicroelectronics.X-CUBE-BLE1.4.3.0_NumberOfMw=2
STMicroelectronics.X-CUBE-BLE1.4.3.0_SwParameter=BlueNRGAaMSCcWirelessJjHCIIiTL\:Basic;BlueNRGAaMSCcWirelessJjUtils\:true;BlueNRGAaMSCcWirelessJjHCIIiTLIiINTERFACE\:UserBoard;ApplicationCcWirelessJjApplication\:SampleApp;BlueNRGAaMSCcWirelessJjController\:true;
STMicroelectronics.X-CUBE-BLE1.4.3.0_WirelessJjApplication_RteComponent0=\#define SAMPLE_APP
STMicroelectronics.X-CUBE-BLE1.4.3.0_WirelessJjApplication_RteComponentsize=1
STMicroelectronics.X-CUBE-BLE1.4.3.0_WirelessJjBlueNRGAaMS_RteComponent0=\#define HCI_TL
STMicroelectronics.X-CUBE-BLE1.4.3.0_WirelessJjBlueNRGAaMS_RteComponent1=\#define HCI_TL_INTERFACE
STMicroelectronics.X-CUBE-BLE1.4.3.0_WirelessJjBlueNRGAaMS_RteComponentsize=2
STMicroelectronics.X-CUBE-BLE1.4.3.0_description=BLE stack and sample applications for BlueNRG-MS module
STMicroelectronics.X-CUBE-BLE1.4.3.0_license=en.DM00367782.pdf
STMicroelectronics.X-CUBE-BLE1.4.3.0_supportedCore=Cortex-M0;Cortex-M0+;Cortex-M3;Cortex-M4;Cortex-M7;
USART2.IPParameters=VirtualMode
USART2.VirtualMode=VM_ASYNC
VP_STMicroelectronics.X-CUBE-BLE1_VS_WirelessJjApplication_4.3.0.Mode=WirelessJjApplication
VP_STMicroelectronics.X-CUBE-BLE1_VS_WirelessJjApplication_4.3.0.Signal=STMicroelectronics.X-CUBE-BLE1_VS_WirelessJjApplication_4.3.0
VP_STMicroelectronics.X-CUBE-BLE1_VS_WirelessJjBlueNRGAaMS_4.3.0.Mode=WirelessJjBlueNRGAaMS
VP_STMicroelectronics.X-CUBE-BLE1_VS_WirelessJjBlueNRGAaMS_4.3.0.Signal=STMicroelectronics.X-CUBE-BLE1_VS_WirelessJjBlueNRGAaMS_4.3.0
VP_SYS_VS_Systick.Mode=SysTick
VP_SYS_VS_Systick.Signal=SYS_VS_Systick
board=NUCLEO-F401RE
boardIOC=true
